
Microsoft Visual Studio Solution File, Format Version 12.00
# Visual Studio 15
VisualStudioVersion = 15.0.27130.0
MinimumVisualStudioVersion = 10.0.40219.1
Project("{FAE04EC0-301F-11D3-BF4B-00C04F79EFBC}") = "WpfApp1", "WpfApp1\WpfApp1.csproj", "{483539BA-88AC-450A-8AA8-60CAB7FE1276}"
EndProject
Global
	GlobalSection(SolutionConfigurationPlatforms) = preSolution
		Debug|Any CPU = Debug|Any CPU
		Release|Any CPU = Release|Any CPU
	EndGlobalSection
	GlobalSection(ProjectConfigurationPlatforms) = postSolution
		{483539BA-88AC-450A-8AA8-60CAB7FE1276}.Debug|Any CPU.ActiveCfg = Debug|Any CPU
		{483539BA-88AC-450A-8AA8-60CAB7FE1276}.Debug|Any CPU.Build.0 = Debug|Any CPU
		{483539BA-88AC-450A-8AA8-60CAB7FE1276}.Release|Any CPU.ActiveCfg = Release|Any CPU
		{483539BA-88AC-450A-8AA8-60CAB7FE1276}.Release|Any CPU.Build.0 = Release|Any CPU
	EndGlobalSection
	GlobalSection(SolutionProperties) = preSolution
		HideSolutionNode = FALSE
	EndGlobalSection
	GlobalSection(ExtensibilityGlobals) = postSolution
		SolutionGuid = {C21BE32B-8D41-4C60-A244-707F0817FB36}
	EndGlobalSection
EndGlobal
